
Microsoft Visual Studio Solution File, Format Version 12.00
# Visual Studio 14
VisualStudioVersion = 14.0.24720.0
MinimumVisualStudioVersion = 10.0.40219.1
Project("{2150E333-8FDC-42A3-9474-1A3956D46DE8}") = "src", "src", "{7DB0B63C-B807-4C37-9DF2-E79C8ADD2A42}"
EndProject
Project("{2150E333-8FDC-42A3-9474-1A3956D46DE8}") = "Solution Items", "Solution Items", "{5322473D-8CD2-4DA0-8551-EB501CF240DE}"
	ProjectSection(SolutionItems) = preProject
		global.json = global.json
	EndProjectSection
EndProject
Project("{8BB2217D-0F2D-49D1-97BC-3654ED321F3B}") = "kz1", "src\kz1\kz1.xproj", "{4FE7EC46-7F73-4682-B042-45F1B7D7B3AB}"
EndProject
Global
	GlobalSection(SolutionConfigurationPlatforms) = preSolution
		Debug|Any CPU = Debug|Any CPU
		Release|Any CPU = Release|Any CPU
	EndGlobalSection
	GlobalSection(ProjectConfigurationPlatforms) = postSolution
		{4FE7EC46-7F73-4682-B042-45F1B7D7B3AB}.Debug|Any CPU.ActiveCfg = Debug|Any CPU
		{4FE7EC46-7F73-4682-B042-45F1B7D7B3AB}.Debug|Any CPU.Build.0 = Debug|Any CPU
		{4FE7EC46-7F73-4682-B042-45F1B7D7B3AB}.Release|Any CPU.ActiveCfg = Release|Any CPU
		{4FE7EC46-7F73-4682-B042-45F1B7D7B3AB}.Release|Any CPU.Build.0 = Release|Any CPU
	EndGlobalSection
	GlobalSection(SolutionProperties) = preSolution
		HideSolutionNode = FALSE
	EndGlobalSection
	GlobalSection(NestedProjects) = preSolution
		{4FE7EC46-7F73-4682-B042-45F1B7D7B3AB} = {7DB0B63C-B807-4C37-9DF2-E79C8ADD2A42}
	EndGlobalSection
EndGlobal
